// !$*UTF8*$!
{
	archiveVersion = 1;
	classes = {
	};
	objectVersion = 46;
	objects = {

/* Begin PBXBuildFile section */
		C21479BD1CDB7F55007220F5 /* main.m in Sources */ = {isa = PBXBuildFile; fileRef = C21479BC1CDB7F55007220F5 /* main.m */; };
		C21479C01CDB7F55007220F5 /* AppDelegate.m in Sources */ = {isa = PBXBuildFile; fileRef = C21479BF1CDB7F55007220F5 /* AppDelegate.m */; };
		C21479C61CDB7F55007220F5 /* Main.storyboard in Resources */ = {isa = PBXBuildFile; fileRef = C21479C41CDB7F55007220F5 /* Main.storyboard */; };
		C21479C81CDB7F55007220F5 /* Assets.xcassets in Resources */ = {isa = PBXBuildFile; fileRef = C21479C71CDB7F55007220F5 /* Assets.xcassets */; };
		C21479CB1CDB7F55007220F5 /* LaunchScreen.storyboard in Resources */ = {isa = PBXBuildFile; fileRef = C21479C91CDB7F55007220F5 /* LaunchScreen.storyboard */; };
		C21479D41CDB7FA6007220F5 /* XWCollectionVC.m in Sources */ = {isa = PBXBuildFile; fileRef = C21479D31CDB7FA6007220F5 /* XWCollectionVC.m */; settings = {ASSET_TAGS = (); }; };
		C21479D71CDB7FDC007220F5 /* XRWaterfallLayout.m in Sources */ = {isa = PBXBuildFile; fileRef = C21479D61CDB7FDC007220F5 /* XRWaterfallLayout.m */; settings = {ASSET_TAGS = (); }; };
		C21479DD1CDB8EEC007220F5 /* Image.m in Sources */ = {isa = PBXBuildFile; fileRef = C21479DC1CDB8EEC007220F5 /* Image.m */; settings = {ASSET_TAGS = (); }; };
		C2147A001CDB974B007220F5 /* MKAnnotationView+WebCache.m in Sources */ = {isa = PBXBuildFile; fileRef = C21479E01CDB974B007220F5 /* MKAnnotationView+WebCache.m */; settings = {ASSET_TAGS = (); }; };
		C2147A011CDB974B007220F5 /* NSData+ImageContentType.m in Sources */ = {isa = PBXBuildFile; fileRef = C21479E21CDB974B007220F5 /* NSData+ImageContentType.m */; settings = {ASSET_TAGS = (); }; };
		C2147A021CDB974B007220F5 /* SDImageCache.m in Sources */ = {isa = PBXBuildFile; fileRef = C21479E41CDB974B007220F5 /* SDImageCache.m */; settings = {ASSET_TAGS = (); }; };
		C2147A031CDB974B007220F5 /* SDWebImageCompat.m in Sources */ = {isa = PBXBuildFile; fileRef = C21479E61CDB974B007220F5 /* SDWebImageCompat.m */; settings = {ASSET_TAGS = (); }; };
		C2147A041CDB974B007220F5 /* SDWebImageDecoder.m in Sources */ = {isa = PBXBuildFile; fileRef = C21479E81CDB974B007220F5 /* SDWebImageDecoder.m */; settings = {ASSET_TAGS = (); }; };
		C2147A051CDB974B007220F5 /* SDWebImageDownloader.m in Sources */ = {isa = PBXBuildFile; fileRef = C21479EA1CDB974B007220F5 /* SDWebImageDownloader.m */; settings = {ASSET_TAGS = (); }; };
		C2147A061CDB974B007220F5 /* SDWebImageDownloaderOperation.m in Sources */ = {isa = PBXBuildFile; fileRef = C21479EC1CDB974B007220F5 /* SDWebImageDownloaderOperation.m */; settings = {ASSET_TAGS = (); }; };
		C2147A071CDB974B007220F5 /* SDWebImageManager.m in Sources */ = {isa = PBXBuildFile; fileRef = C21479EE1CDB974B007220F5 /* SDWebImageManager.m */; settings = {ASSET_TAGS = (); }; };
		C2147A081CDB974B007220F5 /* SDWebImagePrefetcher.m in Sources */ = {isa = PBXBuildFile; fileRef = C21479F11CDB974B007220F5 /* SDWebImagePrefetcher.m */; settings = {ASSET_TAGS = (); }; };
		C2147A091CDB974B007220F5 /* UIButton+WebCache.m in Sources */ = {isa = PBXBuildFile; fileRef = C21479F31CDB974B007220F5 /* UIButton+WebCache.m */; settings = {ASSET_TAGS = (); }; };
		C2147A0A1CDB974B007220F5 /* UIImage+GIF.m in Sources */ = {isa = PBXBuildFile; fileRef = C21479F51CDB974B007220F5 /* UIImage+GIF.m */; settings = {ASSET_TAGS = (); }; };
		C2147A0B1CDB974B007220F5 /* UIImage+MultiFormat.m in Sources */ = {isa = PBXBuildFile; fileRef = C21479F71CDB974B007220F5 /* UIImage+MultiFormat.m */; settings = {ASSET_TAGS = (); }; };
		C2147A0C1CDB974B007220F5 /* UIImage+WebP.m in Sources */ = {isa = PBXBuildFile; fileRef = C21479F91CDB974B007220F5 /* UIImage+WebP.m */; settings = {ASSET_TAGS = (); }; };
		C2147A0D1CDB974B007220F5 /* UIImageView+HighlightedWebCache.m in Sources */ = {isa = PBXBuildFile; fileRef = C21479FB1CDB974B007220F5 /* UIImageView+HighlightedWebCache.m */; settings = {ASSET_TAGS = (); }; };
		C2147A0E1CDB974B007220F5 /* UIImageView+WebCache.m in Sources */ = {isa = PBXBuildFile; fileRef = C21479FD1CDB974B007220F5 /* UIImageView+WebCache.m */; settings = {ASSET_TAGS = (); }; };
		C2147A0F1CDB974B007220F5 /* UIView+WebCacheOperation.m in Sources */ = {isa = PBXBuildFile; fileRef = C21479FF1CDB974B007220F5 /* UIView+WebCacheOperation.m */; settings = {ASSET_TAGS = (); }; };
/* End PBXBuildFile section */

/* Begin PBXFileReference section */
		C21479B81CDB7F55007220F5 /* 瀑布流.app */ = {isa = PBXFileReference; explicitFileType = wrapper.application; includeInIndex = 0; path = "瀑布流.app"; sourceTree = BUILT_PRODUCTS_DIR; };
		C21479BC1CDB7F55007220F5 /* main.m */ = {isa = PBXFileReference; lastKnownFileType = sourcecode.c.objc; path = main.m; sourceTree = "<group>"; };
		C21479BE1CDB7F55007220F5 /* AppDelegate.h */ = {isa = PBXFileReference; lastKnownFileType = sourcecode.c.h; path = AppDelegate.h; sourceTree = "<group>"; };
		C21479BF1CDB7F55007220F5 /* AppDelegate.m */ = {isa = PBXFileReference; lastKnownFileType = sourcecode.c.objc; path = AppDelegate.m; sourceTree = "<group>"; };
		C21479C51CDB7F55007220F5 /* Base */ = {isa = PBXFileReference; lastKnownFileType = file.storyboard; name = Base; path = Base.lproj/Main.storyboard; sourceTree = "<group>"; };
		C21479C71CDB7F55007220F5 /* Assets.xcassets */ = {isa = PBXFileReference; lastKnownFileType = folder.assetcatalog; path = Assets.xcassets; sourceTree = "<group>"; };
		C21479CA1CDB7F55007220F5 /* Base */ = {isa = PBXFileReference; lastKnownFileType = file.storyboard; name = Base; path = Base.lproj/LaunchScreen.storyboard; sourceTree = "<group>"; };
		C21479CC1CDB7F55007220F5 /* Info.plist */ = {isa = PBXFileReference; lastKnownFileType = text.plist.xml; path = Info.plist; sourceTree = "<group>"; };
		C21479D21CDB7FA6007220F5 /* XWCollectionVC.h */ = {isa = PBXFileReference; fileEncoding = 4; lastKnownFileType = sourcecode.c.h; path = XWCollectionVC.h; sourceTree = "<group>"; };
		C21479D31CDB7FA6007220F5 /* XWCollectionVC.m */ = {isa = PBXFileReference; fileEncoding = 4; lastKnownFileType = sourcecode.c.objc; path = XWCollectionVC.m; sourceTree = "<group>"; };
		C21479D51CDB7FDC007220F5 /* XRWaterfallLayout.h */ = {isa = PBXFileReference; fileEncoding = 4; lastKnownFileType = sourcecode.c.h; path = XRWaterfallLayout.h; sourceTree = "<group>"; };
		C21479D61CDB7FDC007220F5 /* XRWaterfallLayout.m */ = {isa = PBXFileReference; fileEncoding = 4; lastKnownFileType = sourcecode.c.objc; path = XRWaterfallLayout.m; sourceTree = "<group>"; };
		C21479DB1CDB8EEC007220F5 /* Image.h */ = {isa = PBXFileReference; fileEncoding = 4; lastKnownFileType = sourcecode.c.h; path = Image.h; sourceTree = "<group>"; };
		C21479DC1CDB8EEC007220F5 /* Image.m */ = {isa = PBXFileReference; fileEncoding = 4; lastKnownFileType = sourcecode.c.objc; path = Image.m; sourceTree = "<group>"; };
		C21479DF1CDB974B007220F5 /* MKAnnotationView+WebCache.h */ = {isa = PBXFileReference; fileEncoding = 4; lastKnownFileType = sourcecode.c.h; path = "MKAnnotationView+WebCache.h"; sourceTree = "<group>"; };
		C21479E01CDB974B007220F5 /* MKAnnotationView+WebCache.m */ = {isa = PBXFileReference; fileEncoding = 4; lastKnownFileType = sourcecode.c.objc; path = "MKAnnotationView+WebCache.m"; sourceTree = "<group>"; };
		C21479E11CDB974B007220F5 /* NSData+ImageContentType.h */ = {isa = PBXFileReference; fileEncoding = 4; lastKnownFileType = sourcecode.c.h; path = "NSData+ImageContentType.h"; sourceTree = "<group>"; };
		C21479E21CDB974B007220F5 /* NSData+ImageContentType.m */ = {isa = PBXFileReference; fileEncoding = 4; lastKnownFileType = sourcecode.c.objc; path = "NSData+ImageContentType.m"; sourceTree = "<group>"; };
		C21479E31CDB974B007220F5 /* SDImageCache.h */ = {isa = PBXFileReference; fileEncoding = 4; lastKnownFileType = sourcecode.c.h; path = SDImageCache.h; sourceTree = "<group>"; };
		C21479E41CDB974B007220F5 /* SDImageCache.m */ = {isa = PBXFileReference; fileEncoding = 4; lastKnownFileType = sourcecode.c.objc; path = SDImageCache.m; sourceTree = "<group>"; };
		C21479E51CDB974B007220F5 /* SDWebImageCompat.h */ = {isa = PBXFileReference; fileEncoding = 4; lastKnownFileType = sourcecode.c.h; path = SDWebImageCompat.h; sourceTree = "<group>"; };
		C21479E61CDB974B007220F5 /* SDWebImageCompat.m */ = {isa = PBXFileReference; fileEncoding = 4; lastKnownFileType = sourcecode.c.objc; path = SDWebImageCompat.m; sourceTree = "<group>"; };
		C21479E71CDB974B007220F5 /* SDWebImageDecoder.h */ = {isa = PBXFileReference; fileEncoding = 4; lastKnownFileType = sourcecode.c.h; path = SDWebImageDecoder.h; sourceTree = "<group>"; };
		C21479E81CDB974B007220F5 /* SDWebImageDecoder.m */ = {isa = PBXFileReference; fileEncoding = 4; lastKnownFileType = sourcecode.c.objc; path = SDWebImageDecoder.m; sourceTree = "<group>"; };
		C21479E91CDB974B007220F5 /* SDWebImageDownloader.h */ = {isa = PBXFileReference; fileEncoding = 4; lastKnownFileType = sourcecode.c.h; path = SDWebImageDownloader.h; sourceTree = "<group>"; };
		C21479EA1CDB974B007220F5 /* SDWebImageDownloader.m */ = {isa = PBXFileReference; fileEncoding = 4; lastKnownFileType = sourcecode.c.objc; path = SDWebImageDownloader.m; sourceTree = "<group>"; };
		C21479EB1CDB974B007220F5 /* SDWebImageDownloaderOperation.h */ = {isa = PBXFileReference; fileEncoding = 4; lastKnownFileType = sourcecode.c.h; path = SDWebImageDownloaderOperation.h; sourceTree = "<group>"; };
		C21479EC1CDB974B007220F5 /* SDWebImageDownloaderOperation.m */ = {isa = PBXFileReference; fileEncoding = 4; lastKnownFileType = sourcecode.c.objc; path = SDWebImageDownloaderOperation.m; sourceTree = "<group>"; };
		C21479ED1CDB974B007220F5 /* SDWebImageManager.h */ = {isa = PBXFileReference; fileEncoding = 4; lastKnownFileType = sourcecode.c.h; path = SDWebImageManager.h; sourceTree = "<group>"; };
		C21479EE1CDB974B007220F5 /* SDWebImageManager.m */ = {isa = PBXFileReference; fileEncoding = 4; lastKnownFileType = sourcecode.c.objc; path = SDWebImageManager.m; sourceTree = "<group>"; };
		C21479EF1CDB974B007220F5 /* SDWebImageOperation.h */ = {isa = PBXFileReference; fileEncoding = 4; lastKnownFileType = sourcecode.c.h; path = SDWebImageOperation.h; sourceTree = "<group>"; };
		C21479F01CDB974B007220F5 /* SDWebImagePrefetcher.h */ = {isa = PBXFileReference; fileEncoding = 4; lastKnownFileType = sourcecode.c.h; path = SDWebImagePrefetcher.h; sourceTree = "<group>"; };
		C21479F11CDB974B007220F5 /* SDWebImagePrefetcher.m */ = {isa = PBXFileReference; fileEncoding = 4; lastKnownFileType = sourcecode.c.objc; path = SDWebImagePrefetcher.m; sourceTree = "<group>"; };
		C21479F21CDB974B007220F5 /* UIButton+WebCache.h */ = {isa = PBXFileReference; fileEncoding = 4; lastKnownFileType = sourcecode.c.h; path = "UIButton+WebCache.h"; sourceTree = "<group>"; };
		C21479F31CDB974B007220F5 /* UIButton+WebCache.m */ = {isa = PBXFileReference; fileEncoding = 4; lastKnownFileType = sourcecode.c.objc; path = "UIButton+WebCache.m"; sourceTree = "<group>"; };
		C21479F41CDB974B007220F5 /* UIImage+GIF.h */ = {isa = PBXFileReference; fileEncoding = 4; lastKnownFileType = sourcecode.c.h; path = "UIImage+GIF.h"; sourceTree = "<group>"; };
		C21479F51CDB974B007220F5 /* UIImage+GIF.m */ = {isa = PBXFileReference; fileEncoding = 4; lastKnownFileType = sourcecode.c.objc; path = "UIImage+GIF.m"; sourceTree = "<group>"; };
		C21479F61CDB974B007220F5 /* UIImage+MultiFormat.h */ = {isa = PBXFileReference; fileEncoding = 4; lastKnownFileType = sourcecode.c.h; path = "UIImage+MultiFormat.h"; sourceTree = "<group>"; };
		C21479F71CDB974B007220F5 /* UIImage+MultiFormat.m */ = {isa = PBXFileReference; fileEncoding = 4; lastKnownFileType = sourcecode.c.objc; path = "UIImage+MultiFormat.m"; sourceTree = "<group>"; };
		C21479F81CDB974B007220F5 /* UIImage+WebP.h */ = {isa = PBXFileReference; fileEncoding = 4; lastKnownFileType = sourcecode.c.h; path = "UIImage+WebP.h"; sourceTree = "<group>"; };
		C21479F91CDB974B007220F5 /* UIImage+WebP.m */ = {isa = PBXFileReference; fileEncoding = 4; lastKnownFileType = sourcecode.c.objc; path = "UIImage+WebP.m"; sourceTree = "<group>"; };
		C21479FA1CDB974B007220F5 /* UIImageView+HighlightedWebCache.h */ = {isa = PBXFileReference; fileEncoding = 4; lastKnownFileType = sourcecode.c.h; path = "UIImageView+HighlightedWebCache.h"; sourceTree = "<group>"; };
		C21479FB1CDB974B007220F5 /* UIImageView+HighlightedWebCache.m */ = {isa = PBXFileReference; fileEncoding = 4; lastKnownFileType = sourcecode.c.objc; path = "UIImageView+HighlightedWebCache.m"; sourceTree = "<group>"; };
		C21479FC1CDB974B007220F5 /* UIImageView+WebCache.h */ = {isa = PBXFileReference; fileEncoding = 4; lastKnownFileType = sourcecode.c.h; path = "UIImageView+WebCache.h"; sourceTree = "<group>"; };
		C21479FD1CDB974B007220F5 /* UIImageView+WebCache.m */ = {isa = PBXFileReference; fileEncoding = 4; lastKnownFileType = sourcecode.c.objc; path = "UIImageView+WebCache.m"; sourceTree = "<group>"; };
		C21479FE1CDB974B007220F5 /* UIView+WebCacheOperation.h */ = {isa = PBXFileReference; fileEncoding = 4; lastKnownFileType = sourcecode.c.h; path = "UIView+WebCacheOperation.h"; sourceTree = "<group>"; };
		C21479FF1CDB974B007220F5 /* UIView+WebCacheOperation.m */ = {isa = PBXFileReference; fileEncoding = 4; lastKnownFileType = sourcecode.c.objc; path = "UIView+WebCacheOperation.m"; sourceTree = "<group>"; };
/* End PBXFileReference section */

/* Begin PBXFrameworksBuildPhase section */
		C21479B51CDB7F55007220F5 /* Frameworks */ = {
			isa = PBXFrameworksBuildPhase;
			buildActionMask = 2147483647;
			files = (
			);
			runOnlyForDeploymentPostprocessing = 0;
		};
/* End PBXFrameworksBuildPhase section */

/* Begin PBXGroup section */
		C21479AF1CDB7F55007220F5 = {
			isa = PBXGroup;
			children = (
				C21479BA1CDB7F55007220F5 /* 瀑布流 */,
				C21479B91CDB7F55007220F5 /* Products */,
			);
			sourceTree = "<group>";
		};
		C21479B91CDB7F55007220F5 /* Products */ = {
			isa = PBXGroup;
			children = (
				C21479B81CDB7F55007220F5 /* 瀑布流.app */,
			);
			name = Products;
			sourceTree = "<group>";
		};
		C21479BA1CDB7F55007220F5 /* 瀑布流 */ = {
			isa = PBXGroup;
			children = (
				C21479BE1CDB7F55007220F5 /* AppDelegate.h */,
				C21479BF1CDB7F55007220F5 /* AppDelegate.m */,
				C21479D21CDB7FA6007220F5 /* XWCollectionVC.h */,
				C21479D31CDB7FA6007220F5 /* XWCollectionVC.m */,
				C21479D51CDB7FDC007220F5 /* XRWaterfallLayout.h */,
				C21479D61CDB7FDC007220F5 /* XRWaterfallLayout.m */,
				C21479DB1CDB8EEC007220F5 /* Image.h */,
				C21479DC1CDB8EEC007220F5 /* Image.m */,
				C21479C41CDB7F55007220F5 /* Main.storyboard */,
				C21479C71CDB7F55007220F5 /* Assets.xcassets */,
				C21479C91CDB7F55007220F5 /* LaunchScreen.storyboard */,
				C21479CC1CDB7F55007220F5 /* Info.plist */,
				C21479DE1CDB974B007220F5 /* SDWebImage */,
				C21479BB1CDB7F55007220F5 /* Supporting Files */,
			);
			path = "瀑布流";
			sourceTree = "<group>";
		};
		C21479BB1CDB7F55007220F5 /* Supporting Files */ = {
			isa = PBXGroup;
			children = (
				C21479BC1CDB7F55007220F5 /* main.m */,
			);
			name = "Supporting Files";
			sourceTree = "<group>";
		};
		C21479DE1CDB974B007220F5 /* SDWebImage */ = {
			isa = PBXGroup;
			children = (
				C21479DF1CDB974B007220F5 /* MKAnnotationView+WebCache.h */,
				C21479E01CDB974B007220F5 /* MKAnnotationView+WebCache.m */,
				C21479E11CDB974B007220F5 /* NSData+ImageContentType.h */,
				C21479E21CDB974B007220F5 /* NSData+ImageContentType.m */,
				C21479E31CDB974B007220F5 /* SDImageCache.h */,
				C21479E41CDB974B007220F5 /* SDImageCache.m */,
				C21479E51CDB974B007220F5 /* SDWebImageCompat.h */,
				C21479E61CDB974B007220F5 /* SDWebImageCompat.m */,
				C21479E71CDB974B007220F5 /* SDWebImageDecoder.h */,
				C21479E81CDB974B007220F5 /* SDWebImageDecoder.m */,
				C21479E91CDB974B007220F5 /* SDWebImageDownloader.h */,
				C21479EA1CDB974B007220F5 /* SDWebImageDownloader.m */,
				C21479EB1CDB974B007220F5 /* SDWebImageDownloaderOperation.h */,
				C21479EC1CDB974B007220F5 /* SDWebImageDownloaderOperation.m */,
				C21479ED1CDB974B007220F5 /* SDWebImageManager.h */,
				C21479EE1CDB974B007220F5 /* SDWebImageManager.m */,
				C21479EF1CDB974B007220F5 /* SDWebImageOperation.h */,
				C21479F01CDB974B007220F5 /* SDWebImagePrefetcher.h */,
				C21479F11CDB974B007220F5 /* SDWebImagePrefetcher.m */,
				C21479F21CDB974B007220F5 /* UIButton+WebCache.h */,
				C21479F31CDB974B007220F5 /* UIButton+WebCache.m */,
				C21479F41CDB974B007220F5 /* UIImage+GIF.h */,
				C21479F51CDB974B007220F5 /* UIImage+GIF.m */,
				C21479F61CDB974B007220F5 /* UIImage+MultiFormat.h */,
				C21479F71CDB974B007220F5 /* UIImage+MultiFormat.m */,
				C21479F81CDB974B007220F5 /* UIImage+WebP.h */,
				C21479F91CDB974B007220F5 /* UIImage+WebP.m */,
				C21479FA1CDB974B007220F5 /* UIImageView+HighlightedWebCache.h */,
				C21479FB1CDB974B007220F5 /* UIImageView+HighlightedWebCache.m */,
				C21479FC1CDB974B007220F5 /* UIImageView+WebCache.h */,
				C21479FD1CDB974B007220F5 /* UIImageView+WebCache.m */,
				C21479FE1CDB974B007220F5 /* UIView+WebCacheOperation.h */,
				C21479FF1CDB974B007220F5 /* UIView+WebCacheOperation.m */,
			);
			path = SDWebImage;
			sourceTree = "<group>";
		};
/* End PBXGroup section */

/* Begin PBXNativeTarget section */
		C21479B71CDB7F55007220F5 /* 瀑布流 */ = {
			isa = PBXNativeTarget;
			buildConfigurationList = C21479CF1CDB7F55007220F5 /* Build configuration list for PBXNativeTarget "瀑布流" */;
			buildPhases = (
				C21479B41CDB7F55007220F5 /* Sources */,
				C21479B51CDB7F55007220F5 /* Frameworks */,
				C21479B61CDB7F55007220F5 /* Resources */,
			);
			buildRules = (
			);
			dependencies = (
			);
			name = "瀑布流";
			productName = "瀑布流";
			productReference = C21479B81CDB7F55007220F5 /* 瀑布流.app */;
			productType = "com.apple.product-type.application";
		};
/* End PBXNativeTarget section */

/* Begin PBXProject section */
		C21479B01CDB7F55007220F5 /* Project object */ = {
			isa = PBXProject;
			attributes = {
				LastUpgradeCheck = 0700;
				ORGANIZATIONNAME = "邢晓伟";
				TargetAttributes = {
					C21479B71CDB7F55007220F5 = {
						CreatedOnToolsVersion = 7.0;
					};
				};
			};
			buildConfigurationList = C21479B31CDB7F55007220F5 /* Build configuration list for PBXProject "瀑布流" */;
			compatibilityVersion = "Xcode 3.2";
			developmentRegion = English;
			hasScannedForEncodings = 0;
			knownRegions = (
				en,
				Base,
			);
			mainGroup = C21479AF1CDB7F55007220F5;
			productRefGroup = C21479B91CDB7F55007220F5 /* Products */;
			projectDirPath = "";
			projectRoot = "";
			targets = (
				C21479B71CDB7F55007220F5 /* 瀑布流 */,
			);
		};
/* End PBXProject section */

/* Begin PBXResourcesBuildPhase section */
		C21479B61CDB7F55007220F5 /* Resources */ = {
			isa = PBXResourcesBuildPhase;
			buildActionMask = 2147483647;
			files = (
				C21479CB1CDB7F55007220F5 /* LaunchScreen.storyboard in Resources */,
				C21479C81CDB7F55007220F5 /* Assets.xcassets in Resources */,
				C21479C61CDB7F55007220F5 /* Main.storyboard in Resources */,
			);
			runOnlyForDeploymentPostprocessing = 0;
		};
/* End PBXResourcesBuildPhase section */

/* Begin PBXSourcesBuildPhase section */
		C21479B41CDB7F55007220F5 /* Sources */ = {
			isa = PBXSourcesBuildPhase;
			buildActionMask = 2147483647;
			files = (
				C21479C01CDB7F55007220F5 /* AppDelegate.m in Sources */,
				C2147A0D1CDB974B007220F5 /* UIImageView+HighlightedWebCache.m in Sources */,
				C2147A0E1CDB974B007220F5 /* UIImageView+WebCache.m in Sources */,
				C2147A0C1CDB974B007220F5 /* UIImage+WebP.m in Sources */,
				C2147A081CDB974B007220F5 /* SDWebImagePrefetcher.m in Sources */,
				C21479D71CDB7FDC007220F5 /* XRWaterfallLayout.m in Sources */,
				C2147A041CDB974B007220F5 /* SDWebImageDecoder.m in Sources */,
				C2147A051CDB974B007220F5 /* SDWebImageDownloader.m in Sources */,
				C21479BD1CDB7F55007220F5 /* main.m in Sources */,
				C2147A071CDB974B007220F5 /* SDWebImageManager.m in Sources */,
				C2147A0F1CDB974B007220F5 /* UIView+WebCacheOperation.m in Sources */,
				C2147A091CDB974B007220F5 /* UIButton+WebCache.m in Sources */,
				C2147A0B1CDB974B007220F5 /* UIImage+MultiFormat.m in Sources */,
				C21479D41CDB7FA6007220F5 /* XWCollectionVC.m in Sources */,
				C2147A061CDB974B007220F5 /* SDWebImageDownloaderOperation.m in Sources */,
				C2147A0A1CDB974B007220F5 /* UIImage+GIF.m in Sources */,
				C2147A031CDB974B007220F5 /* SDWebImageCompat.m in Sources */,
				C2147A011CDB974B007220F5 /* NSData+ImageContentType.m in Sources */,
				C21479DD1CDB8EEC007220F5 /* Image.m in Sources */,
				C2147A001CDB974B007220F5 /* MKAnnotationView+WebCache.m in Sources */,
				C2147A021CDB974B007220F5 /* SDImageCache.m in Sources */,
			);
			runOnlyForDeploymentPostprocessing = 0;
		};
/* End PBXSourcesBuildPhase section */

/* Begin PBXVariantGroup section */
		C21479C41CDB7F55007220F5 /* Main.storyboard */ = {
			isa = PBXVariantGroup;
			children = (
				C21479C51CDB7F55007220F5 /* Base */,
			);
			name = Main.storyboard;
			sourceTree = "<group>";
		};
		C21479C91CDB7F55007220F5 /* LaunchScreen.storyboard */ = {
			isa = PBXVariantGroup;
			children = (
				C21479CA1CDB7F55007220F5 /* Base */,
			);
			name = LaunchScreen.storyboard;
			sourceTree = "<group>";
		};
/* End PBXVariantGroup section */

/* Begin XCBuildConfiguration section */
		C21479CD1CDB7F55007220F5 /* Debug */ = {
			isa = XCBuildConfiguration;
			buildSettings = {
				ALWAYS_SEARCH_USER_PATHS = NO;
				CLANG_CXX_LANGUAGE_STANDARD = "gnu++0x";
				CLANG_CXX_LIBRARY = "libc++";
				CLANG_ENABLE_MODULES = YES;
				CLANG_ENABLE_OBJC_ARC = YES;
				CLANG_WARN_BOOL_CONVERSION = YES;
				CLANG_WARN_CONSTANT_CONVERSION = YES;
				CLANG_WARN_DIRECT_OBJC_ISA_USAGE = YES_ERROR;
				CLANG_WARN_EMPTY_BODY = YES;
				CLANG_WARN_ENUM_CONVERSION = YES;
				CLANG_WARN_INT_CONVERSION = YES;
				CLANG_WARN_OBJC_ROOT_CLASS = YES_ERROR;
				CLANG_WARN_UNREACHABLE_CODE = YES;
				CLANG_WARN__DUPLICATE_METHOD_MATCH = YES;
				"CODE_SIGN_IDENTITY[sdk=iphoneos*]" = "iPhone Developer";
				COPY_PHASE_STRIP = NO;
				DEBUG_INFORMATION_FORMAT = dwarf;
				ENABLE_STRICT_OBJC_MSGSEND = YES;
				ENABLE_TESTABILITY = YES;
				GCC_C_LANGUAGE_STANDARD = gnu99;
				GCC_DYNAMIC_NO_PIC = NO;
				GCC_NO_COMMON_BLOCKS = YES;
				GCC_OPTIMIZATION_LEVEL = 0;
				GCC_PREPROCESSOR_DEFINITIONS = (
					"DEBUG=1",
					"$(inherited)",
				);
				GCC_WARN_64_TO_32_BIT_CONVERSION = YES;
				GCC_WARN_ABOUT_RETURN_TYPE = YES_ERROR;
				GCC_WARN_UNDECLARED_SELECTOR = YES;
				GCC_WARN_UNINITIALIZED_AUTOS = YES_AGGRESSIVE;
				GCC_WARN_UNUSED_FUNCTION = YES;
				GCC_WARN_UNUSED_VARIABLE = YES;
				IPHONEOS_DEPLOYMENT_TARGET = 9.0;
				MTL_ENABLE_DEBUG_INFO = YES;
				ONLY_ACTIVE_ARCH = YES;
				SDKROOT = iphoneos;
				TARGETED_DEVICE_FAMILY = "1,2";
			};
			name = Debug;
		};
		C21479CE1CDB7F55007220F5 /* Release */ = {
			isa = XCBuildConfiguration;
			buildSettings = {
				ALWAYS_SEARCH_USER_PATHS = NO;
				CLANG_CXX_LANGUAGE_STANDARD = "gnu++0x";
				CLANG_CXX_LIBRARY = "libc++";
				CLANG_ENABLE_MODULES = YES;
				CLANG_ENABLE_OBJC_ARC = YES;
				CLANG_WARN_BOOL_CONVERSION = YES;
				CLANG_WARN_CONSTANT_CONVERSION = YES;
				CLANG_WARN_DIRECT_OBJC_ISA_USAGE = YES_ERROR;
				CLANG_WARN_EMPTY_BODY = YES;
				CLANG_WARN_ENUM_CONVERSION = YES;
				CLANG_WARN_INT_CONVERSION = YES;
				CLANG_WARN_OBJC_ROOT_CLASS = YES_ERROR;
				CLANG_WARN_UNREACHABLE_CODE = YES;
				CLANG_WARN__DUPLICATE_METHOD_MATCH = YES;
				"CODE_SIGN_IDENTITY[sdk=iphoneos*]" = "iPhone Developer";
				COPY_PHASE_STRIP = NO;
				DEBUG_INFORMATION_FORMAT = "dwarf-with-dsym";
				ENABLE_NS_ASSERTIONS = NO;
				ENABLE_STRICT_OBJC_MSGSEND = YES;
				GCC_C_LANGUAGE_STANDARD = gnu99;
				GCC_NO_COMMON_BLOCKS = YES;
				GCC_WARN_64_TO_32_BIT_CONVERSION = YES;
				GCC_WARN_ABOUT_RETURN_TYPE = YES_ERROR;
				GCC_WARN_UNDECLARED_SELECTOR = YES;
				GCC_WARN_UNINITIALIZED_AUTOS = YES_AGGRESSIVE;
				GCC_WARN_UNUSED_FUNCTION = YES;
				GCC_WARN_UNUSED_VARIABLE = YES;
				IPHONEOS_DEPLOYMENT_TARGET = 9.0;
				MTL_ENABLE_DEBUG_INFO = NO;
				SDKROOT = iphoneos;
				TARGETED_DEVICE_FAMILY = "1,2";
				VALIDATE_PRODUCT = YES;
			};
			name = Release;
		};
		C21479D01CDB7F55007220F5 /* Debug */ = {
			isa = XCBuildConfiguration;
			buildSettings = {
				ASSETCATALOG_COMPILER_APPICON_NAME = AppIcon;
				INFOPLIST_FILE = "瀑布流/Info.plist";
				LD_RUNPATH_SEARCH_PATHS = "$(inherited) @executable_path/Frameworks";
				PRODUCT_BUNDLE_IDENTIFIER = "com.lanou3g.---";
				PRODUCT_NAME = "$(TARGET_NAME)";
			};
			name = Debug;
		};
		C21479D11CDB7F55007220F5 /* Release */ = {
			isa = XCBuildConfiguration;
			buildSettings = {
				ASSETCATALOG_COMPILER_APPICON_NAME = AppIcon;
				INFOPLIST_FILE = "瀑布流/Info.plist";
				LD_RUNPATH_SEARCH_PATHS = "$(inherited) @executable_path/Frameworks";
				PRODUCT_BUNDLE_IDENTIFIER = "com.lanou3g.---";
				PRODUCT_NAME = "$(TARGET_NAME)";
			};
			name = Release;
		};
/* End XCBuildConfiguration section */

/* Begin XCConfigurationList section */
		C21479B31CDB7F55007220F5 /* Build configuration list for PBXProject "瀑布流" */ = {
			isa = XCConfigurationList;
			buildConfigurations = (
				C21479CD1CDB7F55007220F5 /* Debug */,
				C21479CE1CDB7F55007220F5 /* Release */,
			);
			defaultConfigurationIsVisible = 0;
			defaultConfigurationName = Release;
		};
		C21479CF1CDB7F55007220F5 /* Build configuration list for PBXNativeTarget "瀑布流" */ = {
			isa = XCConfigurationList;
			buildConfigurations = (
				C21479D01CDB7F55007220F5 /* Debug */,
				C21479D11CDB7F55007220F5 /* Release */,
			);
			defaultConfigurationIsVisible = 0;
		};
/* End XCConfigurationList section */
	};
	rootObject = C21479B01CDB7F55007220F5 /* Project object */;
}
