// !$*UTF8*$!
{
	archiveVersion = 1;
	classes = {
	};
	objectVersion = 46;
	objects = {

/* Begin PBXBuildFile section */
		C28B027B1CCE3250009CCEB6 /* main.m in Sources */ = {isa = PBXBuildFile; fileRef = C28B027A1CCE3250009CCEB6 /* main.m */; };
		C28B027E1CCE3250009CCEB6 /* AppDelegate.m in Sources */ = {isa = PBXBuildFile; fileRef = C28B027D1CCE3250009CCEB6 /* AppDelegate.m */; };
		C28B02811CCE3250009CCEB6 /* ViewController.m in Sources */ = {isa = PBXBuildFile; fileRef = C28B02801CCE3250009CCEB6 /* ViewController.m */; };
		C28B02841CCE3250009CCEB6 /* Main.storyboard in Resources */ = {isa = PBXBuildFile; fileRef = C28B02821CCE3250009CCEB6 /* Main.storyboard */; };
		C28B02861CCE3250009CCEB6 /* Assets.xcassets in Resources */ = {isa = PBXBuildFile; fileRef = C28B02851CCE3250009CCEB6 /* Assets.xcassets */; };
		C28B02891CCE3250009CCEB6 /* LaunchScreen.storyboard in Resources */ = {isa = PBXBuildFile; fileRef = C28B02871CCE3250009CCEB6 /* LaunchScreen.storyboard */; };
		C28B02921CCE327B009CCEB6 /* MusicInfo.m in Sources */ = {isa = PBXBuildFile; fileRef = C28B02911CCE327B009CCEB6 /* MusicInfo.m */; settings = {ASSET_TAGS = (); }; };
		C28B02D11CCE3324009CCEB6 /* MusicList.plist in Resources */ = {isa = PBXBuildFile; fileRef = C28B02941CCE3324009CCEB6 /* MusicList.plist */; settings = {ASSET_TAGS = (); }; };
		C28B02D21CCE3324009CCEB6 /* albumImage.jpg in Resources */ = {isa = PBXBuildFile; fileRef = C28B02961CCE3324009CCEB6 /* albumImage.jpg */; settings = {ASSET_TAGS = (); }; };
		C28B02D31CCE3324009CCEB6 /* backImage.jpg in Resources */ = {isa = PBXBuildFile; fileRef = C28B02971CCE3324009CCEB6 /* backImage.jpg */; settings = {ASSET_TAGS = (); }; };
		C28B02D41CCE3324009CCEB6 /* forward.png in Resources */ = {isa = PBXBuildFile; fileRef = C28B02981CCE3324009CCEB6 /* forward.png */; settings = {ASSET_TAGS = (); }; };
		C28B02D51CCE3324009CCEB6 /* forward_h.png in Resources */ = {isa = PBXBuildFile; fileRef = C28B02991CCE3324009CCEB6 /* forward_h.png */; settings = {ASSET_TAGS = (); }; };
		C28B02D61CCE3324009CCEB6 /* pause.png in Resources */ = {isa = PBXBuildFile; fileRef = C28B029A1CCE3324009CCEB6 /* pause.png */; settings = {ASSET_TAGS = (); }; };
		C28B02D71CCE3324009CCEB6 /* pause_h.png in Resources */ = {isa = PBXBuildFile; fileRef = C28B029B1CCE3324009CCEB6 /* pause_h.png */; settings = {ASSET_TAGS = (); }; };
		C28B02D81CCE3324009CCEB6 /* place_holder.png in Resources */ = {isa = PBXBuildFile; fileRef = C28B029C1CCE3324009CCEB6 /* place_holder.png */; settings = {ASSET_TAGS = (); }; };
		C28B02D91CCE3324009CCEB6 /* play.png in Resources */ = {isa = PBXBuildFile; fileRef = C28B029D1CCE3324009CCEB6 /* play.png */; settings = {ASSET_TAGS = (); }; };
		C28B02DA1CCE3324009CCEB6 /* play_h.png in Resources */ = {isa = PBXBuildFile; fileRef = C28B029E1CCE3324009CCEB6 /* play_h.png */; settings = {ASSET_TAGS = (); }; };
		C28B02DB1CCE3324009CCEB6 /* rewind.png in Resources */ = {isa = PBXBuildFile; fileRef = C28B029F1CCE3324009CCEB6 /* rewind.png */; settings = {ASSET_TAGS = (); }; };
		C28B02DC1CCE3324009CCEB6 /* rewind_h.png in Resources */ = {isa = PBXBuildFile; fileRef = C28B02A01CCE3324009CCEB6 /* rewind_h.png */; settings = {ASSET_TAGS = (); }; };
		C28B02DD1CCE3324009CCEB6 /* thumb@2x.png in Resources */ = {isa = PBXBuildFile; fileRef = C28B02A11CCE3324009CCEB6 /* thumb@2x.png */; settings = {ASSET_TAGS = (); }; };
		C28B02DE1CCE3324009CCEB6 /* thumb@3x.png in Resources */ = {isa = PBXBuildFile; fileRef = C28B02A21CCE3324009CCEB6 /* thumb@3x.png */; settings = {ASSET_TAGS = (); }; };
		C28B02DF1CCE3324009CCEB6 /* volumehigh.png in Resources */ = {isa = PBXBuildFile; fileRef = C28B02A31CCE3324009CCEB6 /* volumehigh.png */; settings = {ASSET_TAGS = (); }; };
		C28B02E01CCE3324009CCEB6 /* volumelow.png in Resources */ = {isa = PBXBuildFile; fileRef = C28B02A41CCE3324009CCEB6 /* volumelow.png */; settings = {ASSET_TAGS = (); }; };
		C28B02E11CCE3324009CCEB6 /* MKAnnotationView+WebCache.m in Sources */ = {isa = PBXBuildFile; fileRef = C28B02A81CCE3324009CCEB6 /* MKAnnotationView+WebCache.m */; settings = {ASSET_TAGS = (); }; };
		C28B02E21CCE3324009CCEB6 /* NSData+ImageContentType.m in Sources */ = {isa = PBXBuildFile; fileRef = C28B02AA1CCE3324009CCEB6 /* NSData+ImageContentType.m */; settings = {ASSET_TAGS = (); }; };
		C28B02E31CCE3324009CCEB6 /* SDImageCache.m in Sources */ = {isa = PBXBuildFile; fileRef = C28B02AC1CCE3324009CCEB6 /* SDImageCache.m */; settings = {ASSET_TAGS = (); }; };
		C28B02E41CCE3324009CCEB6 /* SDWebImageCompat.m in Sources */ = {isa = PBXBuildFile; fileRef = C28B02AE1CCE3324009CCEB6 /* SDWebImageCompat.m */; settings = {ASSET_TAGS = (); }; };
		C28B02E51CCE3324009CCEB6 /* SDWebImageDecoder.m in Sources */ = {isa = PBXBuildFile; fileRef = C28B02B01CCE3324009CCEB6 /* SDWebImageDecoder.m */; settings = {ASSET_TAGS = (); }; };
		C28B02E61CCE3324009CCEB6 /* SDWebImageDownloader.m in Sources */ = {isa = PBXBuildFile; fileRef = C28B02B21CCE3324009CCEB6 /* SDWebImageDownloader.m */; settings = {ASSET_TAGS = (); }; };
		C28B02E71CCE3324009CCEB6 /* SDWebImageDownloaderOperation.m in Sources */ = {isa = PBXBuildFile; fileRef = C28B02B41CCE3324009CCEB6 /* SDWebImageDownloaderOperation.m */; settings = {ASSET_TAGS = (); }; };
		C28B02E81CCE3324009CCEB6 /* SDWebImageManager.m in Sources */ = {isa = PBXBuildFile; fileRef = C28B02B61CCE3324009CCEB6 /* SDWebImageManager.m */; settings = {ASSET_TAGS = (); }; };
		C28B02E91CCE3324009CCEB6 /* SDWebImagePrefetcher.m in Sources */ = {isa = PBXBuildFile; fileRef = C28B02B91CCE3324009CCEB6 /* SDWebImagePrefetcher.m */; settings = {ASSET_TAGS = (); }; };
		C28B02EA1CCE3324009CCEB6 /* UIButton+WebCache.m in Sources */ = {isa = PBXBuildFile; fileRef = C28B02BB1CCE3324009CCEB6 /* UIButton+WebCache.m */; settings = {ASSET_TAGS = (); }; };
		C28B02EB1CCE3324009CCEB6 /* UIImage+GIF.m in Sources */ = {isa = PBXBuildFile; fileRef = C28B02BD1CCE3324009CCEB6 /* UIImage+GIF.m */; settings = {ASSET_TAGS = (); }; };
		C28B02EC1CCE3324009CCEB6 /* UIImage+MultiFormat.m in Sources */ = {isa = PBXBuildFile; fileRef = C28B02BF1CCE3324009CCEB6 /* UIImage+MultiFormat.m */; settings = {ASSET_TAGS = (); }; };
		C28B02ED1CCE3324009CCEB6 /* UIImage+WebP.m in Sources */ = {isa = PBXBuildFile; fileRef = C28B02C11CCE3324009CCEB6 /* UIImage+WebP.m */; settings = {ASSET_TAGS = (); }; };
		C28B02EE1CCE3324009CCEB6 /* UIImageView+HighlightedWebCache.m in Sources */ = {isa = PBXBuildFile; fileRef = C28B02C31CCE3324009CCEB6 /* UIImageView+HighlightedWebCache.m */; settings = {ASSET_TAGS = (); }; };
		C28B02EF1CCE3324009CCEB6 /* UIImageView+WebCache.m in Sources */ = {isa = PBXBuildFile; fileRef = C28B02C51CCE3324009CCEB6 /* UIImageView+WebCache.m */; settings = {ASSET_TAGS = (); }; };
		C28B02F01CCE3324009CCEB6 /* UIView+WebCacheOperation.m in Sources */ = {isa = PBXBuildFile; fileRef = C28B02C71CCE3324009CCEB6 /* UIView+WebCacheOperation.m */; settings = {ASSET_TAGS = (); }; };
		C28B02F11CCE3324009CCEB6 /* I Am You.mp3 in Resources */ = {isa = PBXBuildFile; fileRef = C28B02C91CCE3324009CCEB6 /* I Am You.mp3 */; settings = {ASSET_TAGS = (); }; };
		C28B02F21CCE3324009CCEB6 /* Let Her Go.mp3 in Resources */ = {isa = PBXBuildFile; fileRef = C28B02CA1CCE3324009CCEB6 /* Let Her Go.mp3 */; settings = {ASSET_TAGS = (); }; };
		C28B02F31CCE3324009CCEB6 /* LOSER.mp3 in Resources */ = {isa = PBXBuildFile; fileRef = C28B02CB1CCE3324009CCEB6 /* LOSER.mp3 */; settings = {ASSET_TAGS = (); }; };
		C28B02F41CCE3324009CCEB6 /* 匆匆那年.mp3 in Resources */ = {isa = PBXBuildFile; fileRef = C28B02CC1CCE3324009CCEB6 /* 匆匆那年.mp3 */; settings = {ASSET_TAGS = (); }; };
		C28B02F51CCE3324009CCEB6 /* 喜欢你.mp3 in Resources */ = {isa = PBXBuildFile; fileRef = C28B02CD1CCE3324009CCEB6 /* 喜欢你.mp3 */; settings = {ASSET_TAGS = (); }; };
		C28B02F61CCE3324009CCEB6 /* 年轮.mp3 in Resources */ = {isa = PBXBuildFile; fileRef = C28B02CE1CCE3324009CCEB6 /* 年轮.mp3 */; settings = {ASSET_TAGS = (); }; };
		C28B02F71CCE3324009CCEB6 /* 李白.mp3 in Resources */ = {isa = PBXBuildFile; fileRef = C28B02CF1CCE3324009CCEB6 /* 李白.mp3 */; settings = {ASSET_TAGS = (); }; };
		C28B02F81CCE3324009CCEB6 /* 走在冷风中.mp3 in Resources */ = {isa = PBXBuildFile; fileRef = C28B02D01CCE3324009CCEB6 /* 走在冷风中.mp3 */; settings = {ASSET_TAGS = (); }; };
		C2F5357F1CCEFB9500767BD7 /* random_h.png in Resources */ = {isa = PBXBuildFile; fileRef = C2F535791CCEFB9500767BD7 /* random_h.png */; settings = {ASSET_TAGS = (); }; };
		C2F535801CCEFB9500767BD7 /* order_h.png in Resources */ = {isa = PBXBuildFile; fileRef = C2F5357A1CCEFB9500767BD7 /* order_h.png */; settings = {ASSET_TAGS = (); }; };
		C2F535811CCEFB9500767BD7 /* order.png in Resources */ = {isa = PBXBuildFile; fileRef = C2F5357B1CCEFB9500767BD7 /* order.png */; settings = {ASSET_TAGS = (); }; };
		C2F535821CCEFB9500767BD7 /* random.png in Resources */ = {isa = PBXBuildFile; fileRef = C2F5357C1CCEFB9500767BD7 /* random.png */; settings = {ASSET_TAGS = (); }; };
		C2F535831CCEFB9500767BD7 /* single_h.png in Resources */ = {isa = PBXBuildFile; fileRef = C2F5357D1CCEFB9500767BD7 /* single_h.png */; settings = {ASSET_TAGS = (); }; };
		C2F535841CCEFB9500767BD7 /* single.png in Resources */ = {isa = PBXBuildFile; fileRef = C2F5357E1CCEFB9500767BD7 /* single.png */; settings = {ASSET_TAGS = (); }; };
/* End PBXBuildFile section */

/* Begin PBXFileReference section */
		C28B02761CCE3250009CCEB6 /* LessonSenior_16_音乐播放器.app */ = {isa = PBXFileReference; explicitFileType = wrapper.application; includeInIndex = 0; path = "LessonSenior_16_音乐播放器.app"; sourceTree = BUILT_PRODUCTS_DIR; };
		C28B027A1CCE3250009CCEB6 /* main.m */ = {isa = PBXFileReference; lastKnownFileType = sourcecode.c.objc; path = main.m; sourceTree = "<group>"; };
		C28B027C1CCE3250009CCEB6 /* AppDelegate.h */ = {isa = PBXFileReference; lastKnownFileType = sourcecode.c.h; path = AppDelegate.h; sourceTree = "<group>"; };
		C28B027D1CCE3250009CCEB6 /* AppDelegate.m */ = {isa = PBXFileReference; lastKnownFileType = sourcecode.c.objc; path = AppDelegate.m; sourceTree = "<group>"; };
		C28B027F1CCE3250009CCEB6 /* ViewController.h */ = {isa = PBXFileReference; lastKnownFileType = sourcecode.c.h; path = ViewController.h; sourceTree = "<group>"; };
		C28B02801CCE3250009CCEB6 /* ViewController.m */ = {isa = PBXFileReference; lastKnownFileType = sourcecode.c.objc; path = ViewController.m; sourceTree = "<group>"; };
		C28B02831CCE3250009CCEB6 /* Base */ = {isa = PBXFileReference; lastKnownFileType = file.storyboard; name = Base; path = Base.lproj/Main.storyboard; sourceTree = "<group>"; };
		C28B02851CCE3250009CCEB6 /* Assets.xcassets */ = {isa = PBXFileReference; lastKnownFileType = folder.assetcatalog; path = Assets.xcassets; sourceTree = "<group>"; };
		C28B02881CCE3250009CCEB6 /* Base */ = {isa = PBXFileReference; lastKnownFileType = file.storyboard; name = Base; path = Base.lproj/LaunchScreen.storyboard; sourceTree = "<group>"; };
		C28B028A1CCE3250009CCEB6 /* Info.plist */ = {isa = PBXFileReference; lastKnownFileType = text.plist.xml; path = Info.plist; sourceTree = "<group>"; };
		C28B02901CCE327B009CCEB6 /* MusicInfo.h */ = {isa = PBXFileReference; fileEncoding = 4; lastKnownFileType = sourcecode.c.h; path = MusicInfo.h; sourceTree = "<group>"; };
		C28B02911CCE327B009CCEB6 /* MusicInfo.m */ = {isa = PBXFileReference; fileEncoding = 4; lastKnownFileType = sourcecode.c.objc; path = MusicInfo.m; sourceTree = "<group>"; };
		C28B02941CCE3324009CCEB6 /* MusicList.plist */ = {isa = PBXFileReference; fileEncoding = 4; lastKnownFileType = text.plist.xml; path = MusicList.plist; sourceTree = "<group>"; };
		C28B02961CCE3324009CCEB6 /* albumImage.jpg */ = {isa = PBXFileReference; lastKnownFileType = image.jpeg; path = albumImage.jpg; sourceTree = "<group>"; };
		C28B02971CCE3324009CCEB6 /* backImage.jpg */ = {isa = PBXFileReference; lastKnownFileType = image.jpeg; path = backImage.jpg; sourceTree = "<group>"; };
		C28B02981CCE3324009CCEB6 /* forward.png */ = {isa = PBXFileReference; lastKnownFileType = image.png; path = forward.png; sourceTree = "<group>"; };
		C28B02991CCE3324009CCEB6 /* forward_h.png */ = {isa = PBXFileReference; lastKnownFileType = image.png; path = forward_h.png; sourceTree = "<group>"; };
		C28B029A1CCE3324009CCEB6 /* pause.png */ = {isa = PBXFileReference; lastKnownFileType = image.png; path = pause.png; sourceTree = "<group>"; };
		C28B029B1CCE3324009CCEB6 /* pause_h.png */ = {isa = PBXFileReference; lastKnownFileType = image.png; path = pause_h.png; sourceTree = "<group>"; };
		C28B029C1CCE3324009CCEB6 /* place_holder.png */ = {isa = PBXFileReference; lastKnownFileType = image.png; path = place_holder.png; sourceTree = "<group>"; };
		C28B029D1CCE3324009CCEB6 /* play.png */ = {isa = PBXFileReference; lastKnownFileType = image.png; path = play.png; sourceTree = "<group>"; };
		C28B029E1CCE3324009CCEB6 /* play_h.png */ = {isa = PBXFileReference; lastKnownFileType = image.png; path = play_h.png; sourceTree = "<group>"; };
		C28B029F1CCE3324009CCEB6 /* rewind.png */ = {isa = PBXFileReference; lastKnownFileType = image.png; path = rewind.png; sourceTree = "<group>"; };
		C28B02A01CCE3324009CCEB6 /* rewind_h.png */ = {isa = PBXFileReference; lastKnownFileType = image.png; path = rewind_h.png; sourceTree = "<group>"; };
		C28B02A11CCE3324009CCEB6 /* thumb@2x.png */ = {isa = PBXFileReference; lastKnownFileType = image.png; path = "thumb@2x.png"; sourceTree = "<group>"; };
		C28B02A21CCE3324009CCEB6 /* thumb@3x.png */ = {isa = PBXFileReference; lastKnownFileType = image.png; path = "thumb@3x.png"; sourceTree = "<group>"; };
		C28B02A31CCE3324009CCEB6 /* volumehigh.png */ = {isa = PBXFileReference; lastKnownFileType = image.png; path = volumehigh.png; sourceTree = "<group>"; };
		C28B02A41CCE3324009CCEB6 /* volumelow.png */ = {isa = PBXFileReference; lastKnownFileType = image.png; path = volumelow.png; sourceTree = "<group>"; };
		C28B02A71CCE3324009CCEB6 /* MKAnnotationView+WebCache.h */ = {isa = PBXFileReference; fileEncoding = 4; lastKnownFileType = sourcecode.c.h; path = "MKAnnotationView+WebCache.h"; sourceTree = "<group>"; };
		C28B02A81CCE3324009CCEB6 /* MKAnnotationView+WebCache.m */ = {isa = PBXFileReference; fileEncoding = 4; lastKnownFileType = sourcecode.c.objc; path = "MKAnnotationView+WebCache.m"; sourceTree = "<group>"; };
		C28B02A91CCE3324009CCEB6 /* NSData+ImageContentType.h */ = {isa = PBXFileReference; fileEncoding = 4; lastKnownFileType = sourcecode.c.h; path = "NSData+ImageContentType.h"; sourceTree = "<group>"; };
		C28B02AA1CCE3324009CCEB6 /* NSData+ImageContentType.m */ = {isa = PBXFileReference; fileEncoding = 4; lastKnownFileType = sourcecode.c.objc; path = "NSData+ImageContentType.m"; sourceTree = "<group>"; };
		C28B02AB1CCE3324009CCEB6 /* SDImageCache.h */ = {isa = PBXFileReference; fileEncoding = 4; lastKnownFileType = sourcecode.c.h; path = SDImageCache.h; sourceTree = "<group>"; };
		C28B02AC1CCE3324009CCEB6 /* SDImageCache.m */ = {isa = PBXFileReference; fileEncoding = 4; lastKnownFileType = sourcecode.c.objc; path = SDImageCache.m; sourceTree = "<group>"; };
		C28B02AD1CCE3324009CCEB6 /* SDWebImageCompat.h */ = {isa = PBXFileReference; fileEncoding = 4; lastKnownFileType = sourcecode.c.h; path = SDWebImageCompat.h; sourceTree = "<group>"; };
		C28B02AE1CCE3324009CCEB6 /* SDWebImageCompat.m */ = {isa = PBXFileReference; fileEncoding = 4; lastKnownFileType = sourcecode.c.objc; path = SDWebImageCompat.m; sourceTree = "<group>"; };
		C28B02AF1CCE3324009CCEB6 /* SDWebImageDecoder.h */ = {isa = PBXFileReference; fileEncoding = 4; lastKnownFileType = sourcecode.c.h; path = SDWebImageDecoder.h; sourceTree = "<group>"; };
		C28B02B01CCE3324009CCEB6 /* SDWebImageDecoder.m */ = {isa = PBXFileReference; fileEncoding = 4; lastKnownFileType = sourcecode.c.objc; path = SDWebImageDecoder.m; sourceTree = "<group>"; };
		C28B02B11CCE3324009CCEB6 /* SDWebImageDownloader.h */ = {isa = PBXFileReference; fileEncoding = 4; lastKnownFileType = sourcecode.c.h; path = SDWebImageDownloader.h; sourceTree = "<group>"; };
		C28B02B21CCE3324009CCEB6 /* SDWebImageDownloader.m */ = {isa = PBXFileReference; fileEncoding = 4; lastKnownFileType = sourcecode.c.objc; path = SDWebImageDownloader.m; sourceTree = "<group>"; };
		C28B02B31CCE3324009CCEB6 /* SDWebImageDownloaderOperation.h */ = {isa = PBXFileReference; fileEncoding = 4; lastKnownFileType = sourcecode.c.h; path = SDWebImageDownloaderOperation.h; sourceTree = "<group>"; };
		C28B02B41CCE3324009CCEB6 /* SDWebImageDownloaderOperation.m */ = {isa = PBXFileReference; fileEncoding = 4; lastKnownFileType = sourcecode.c.objc; path = SDWebImageDownloaderOperation.m; sourceTree = "<group>"; };
		C28B02B51CCE3324009CCEB6 /* SDWebImageManager.h */ = {isa = PBXFileReference; fileEncoding = 4; lastKnownFileType = sourcecode.c.h; path = SDWebImageManager.h; sourceTree = "<group>"; };
		C28B02B61CCE3324009CCEB6 /* SDWebImageManager.m */ = {isa = PBXFileReference; fileEncoding = 4; lastKnownFileType = sourcecode.c.objc; path = SDWebImageManager.m; sourceTree = "<group>"; };
		C28B02B71CCE3324009CCEB6 /* SDWebImageOperation.h */ = {isa = PBXFileReference; fileEncoding = 4; lastKnownFileType = sourcecode.c.h; path = SDWebImageOperation.h; sourceTree = "<group>"; };
		C28B02B81CCE3324009CCEB6 /* SDWebImagePrefetcher.h */ = {isa = PBXFileReference; fileEncoding = 4; lastKnownFileType = sourcecode.c.h; path = SDWebImagePrefetcher.h; sourceTree = "<group>"; };
		C28B02B91CCE3324009CCEB6 /* SDWebImagePrefetcher.m */ = {isa = PBXFileReference; fileEncoding = 4; lastKnownFileType = sourcecode.c.objc; path = SDWebImagePrefetcher.m; sourceTree = "<group>"; };
		C28B02BA1CCE3324009CCEB6 /* UIButton+WebCache.h */ = {isa = PBXFileReference; fileEncoding = 4; lastKnownFileType = sourcecode.c.h; path = "UIButton+WebCache.h"; sourceTree = "<group>"; };
		C28B02BB1CCE3324009CCEB6 /* UIButton+WebCache.m */ = {isa = PBXFileReference; fileEncoding = 4; lastKnownFileType = sourcecode.c.objc; path = "UIButton+WebCache.m"; sourceTree = "<group>"; };
		C28B02BC1CCE3324009CCEB6 /* UIImage+GIF.h */ = {isa = PBXFileReference; fileEncoding = 4; lastKnownFileType = sourcecode.c.h; path = "UIImage+GIF.h"; sourceTree = "<group>"; };
		C28B02BD1CCE3324009CCEB6 /* UIImage+GIF.m */ = {isa = PBXFileReference; fileEncoding = 4; lastKnownFileType = sourcecode.c.objc; path = "UIImage+GIF.m"; sourceTree = "<group>"; };
		C28B02BE1CCE3324009CCEB6 /* UIImage+MultiFormat.h */ = {isa = PBXFileReference; fileEncoding = 4; lastKnownFileType = sourcecode.c.h; path = "UIImage+MultiFormat.h"; sourceTree = "<group>"; };
		C28B02BF1CCE3324009CCEB6 /* UIImage+MultiFormat.m */ = {isa = PBXFileReference; fileEncoding = 4; lastKnownFileType = sourcecode.c.objc; path = "UIImage+MultiFormat.m"; sourceTree = "<group>"; };
		C28B02C01CCE3324009CCEB6 /* UIImage+WebP.h */ = {isa = PBXFileReference; fileEncoding = 4; lastKnownFileType = sourcecode.c.h; path = "UIImage+WebP.h"; sourceTree = "<group>"; };
		C28B02C11CCE3324009CCEB6 /* UIImage+WebP.m */ = {isa = PBXFileReference; fileEncoding = 4; lastKnownFileType = sourcecode.c.objc; path = "UIImage+WebP.m"; sourceTree = "<group>"; };
		C28B02C21CCE3324009CCEB6 /* UIImageView+HighlightedWebCache.h */ = {isa = PBXFileReference; fileEncoding = 4; lastKnownFileType = sourcecode.c.h; path = "UIImageView+HighlightedWebCache.h"; sourceTree = "<group>"; };
		C28B02C31CCE3324009CCEB6 /* UIImageView+HighlightedWebCache.m */ = {isa = PBXFileReference; fileEncoding = 4; lastKnownFileType = sourcecode.c.objc; path = "UIImageView+HighlightedWebCache.m"; sourceTree = "<group>"; };
		C28B02C41CCE3324009CCEB6 /* UIImageView+WebCache.h */ = {isa = PBXFileReference; fileEncoding = 4; lastKnownFileType = sourcecode.c.h; path = "UIImageView+WebCache.h"; sourceTree = "<group>"; };
		C28B02C51CCE3324009CCEB6 /* UIImageView+WebCache.m */ = {isa = PBXFileReference; fileEncoding = 4; lastKnownFileType = sourcecode.c.objc; path = "UIImageView+WebCache.m"; sourceTree = "<group>"; };
		C28B02C61CCE3324009CCEB6 /* UIView+WebCacheOperation.h */ = {isa = PBXFileReference; fileEncoding = 4; lastKnownFileType = sourcecode.c.h; path = "UIView+WebCacheOperation.h"; sourceTree = "<group>"; };
		C28B02C71CCE3324009CCEB6 /* UIView+WebCacheOperation.m */ = {isa = PBXFileReference; fileEncoding = 4; lastKnownFileType = sourcecode.c.objc; path = "UIView+WebCacheOperation.m"; sourceTree = "<group>"; };
		C28B02C91CCE3324009CCEB6 /* I Am You.mp3 */ = {isa = PBXFileReference; lastKnownFileType = audio.mp3; path = "I Am You.mp3"; sourceTree = "<group>"; };
		C28B02CA1CCE3324009CCEB6 /* Let Her Go.mp3 */ = {isa = PBXFileReference; lastKnownFileType = audio.mp3; path = "Let Her Go.mp3"; sourceTree = "<group>"; };
		C28B02CB1CCE3324009CCEB6 /* LOSER.mp3 */ = {isa = PBXFileReference; lastKnownFileType = audio.mp3; path = LOSER.mp3; sourceTree = "<group>"; };
		C28B02CC1CCE3324009CCEB6 /* 匆匆那年.mp3 */ = {isa = PBXFileReference; lastKnownFileType = audio.mp3; path = "匆匆那年.mp3"; sourceTree = "<group>"; };
		C28B02CD1CCE3324009CCEB6 /* 喜欢你.mp3 */ = {isa = PBXFileReference; lastKnownFileType = audio.mp3; path = "喜欢你.mp3"; sourceTree = "<group>"; };
		C28B02CE1CCE3324009CCEB6 /* 年轮.mp3 */ = {isa = PBXFileReference; lastKnownFileType = audio.mp3; path = "年轮.mp3"; sourceTree = "<group>"; };
		C28B02CF1CCE3324009CCEB6 /* 李白.mp3 */ = {isa = PBXFileReference; lastKnownFileType = audio.mp3; path = "李白.mp3"; sourceTree = "<group>"; };
		C28B02D01CCE3324009CCEB6 /* 走在冷风中.mp3 */ = {isa = PBXFileReference; lastKnownFileType = audio.mp3; path = "走在冷风中.mp3"; sourceTree = "<group>"; };
		C2F535791CCEFB9500767BD7 /* random_h.png */ = {isa = PBXFileReference; lastKnownFileType = image.png; path = random_h.png; sourceTree = "<group>"; };
		C2F5357A1CCEFB9500767BD7 /* order_h.png */ = {isa = PBXFileReference; lastKnownFileType = image.png; path = order_h.png; sourceTree = "<group>"; };
		C2F5357B1CCEFB9500767BD7 /* order.png */ = {isa = PBXFileReference; lastKnownFileType = image.png; path = order.png; sourceTree = "<group>"; };
		C2F5357C1CCEFB9500767BD7 /* random.png */ = {isa = PBXFileReference; lastKnownFileType = image.png; path = random.png; sourceTree = "<group>"; };
		C2F5357D1CCEFB9500767BD7 /* single_h.png */ = {isa = PBXFileReference; lastKnownFileType = image.png; path = single_h.png; sourceTree = "<group>"; };
		C2F5357E1CCEFB9500767BD7 /* single.png */ = {isa = PBXFileReference; lastKnownFileType = image.png; path = single.png; sourceTree = "<group>"; };
/* End PBXFileReference section */

/* Begin PBXFrameworksBuildPhase section */
		C28B02731CCE3250009CCEB6 /* Frameworks */ = {
			isa = PBXFrameworksBuildPhase;
			buildActionMask = 2147483647;
			files = (
			);
			runOnlyForDeploymentPostprocessing = 0;
		};
/* End PBXFrameworksBuildPhase section */

/* Begin PBXGroup section */
		C28B026D1CCE3250009CCEB6 = {
			isa = PBXGroup;
			children = (
				C28B02781CCE3250009CCEB6 /* LessonSenior_16_音乐播放器 */,
				C28B02771CCE3250009CCEB6 /* Products */,
			);
			sourceTree = "<group>";
		};
		C28B02771CCE3250009CCEB6 /* Products */ = {
			isa = PBXGroup;
			children = (
				C28B02761CCE3250009CCEB6 /* LessonSenior_16_音乐播放器.app */,
			);
			name = Products;
			sourceTree = "<group>";
		};
		C28B02781CCE3250009CCEB6 /* LessonSenior_16_音乐播放器 */ = {
			isa = PBXGroup;
			children = (
				C28B027C1CCE3250009CCEB6 /* AppDelegate.h */,
				C28B027D1CCE3250009CCEB6 /* AppDelegate.m */,
				C28B027F1CCE3250009CCEB6 /* ViewController.h */,
				C28B02801CCE3250009CCEB6 /* ViewController.m */,
				C28B02901CCE327B009CCEB6 /* MusicInfo.h */,
				C28B02911CCE327B009CCEB6 /* MusicInfo.m */,
				C28B02931CCE3324009CCEB6 /* MusicDocument */,
				C28B02821CCE3250009CCEB6 /* Main.storyboard */,
				C28B02851CCE3250009CCEB6 /* Assets.xcassets */,
				C28B02871CCE3250009CCEB6 /* LaunchScreen.storyboard */,
				C28B028A1CCE3250009CCEB6 /* Info.plist */,
				C28B02791CCE3250009CCEB6 /* Supporting Files */,
			);
			path = "LessonSenior_16_音乐播放器";
			sourceTree = "<group>";
		};
		C28B02791CCE3250009CCEB6 /* Supporting Files */ = {
			isa = PBXGroup;
			children = (
				C28B027A1CCE3250009CCEB6 /* main.m */,
			);
			name = "Supporting Files";
			sourceTree = "<group>";
		};
		C28B02931CCE3324009CCEB6 /* MusicDocument */ = {
			isa = PBXGroup;
			children = (
				C28B02941CCE3324009CCEB6 /* MusicList.plist */,
				C28B02951CCE3324009CCEB6 /* Resource */,
				C28B02A51CCE3324009CCEB6 /* tools */,
				C28B02C81CCE3324009CCEB6 /* 音乐 */,
			);
			path = MusicDocument;
			sourceTree = "<group>";
		};
		C28B02951CCE3324009CCEB6 /* Resource */ = {
			isa = PBXGroup;
			children = (
				C2F535791CCEFB9500767BD7 /* random_h.png */,
				C2F5357A1CCEFB9500767BD7 /* order_h.png */,
				C2F5357B1CCEFB9500767BD7 /* order.png */,
				C2F5357C1CCEFB9500767BD7 /* random.png */,
				C2F5357D1CCEFB9500767BD7 /* single_h.png */,
				C2F5357E1CCEFB9500767BD7 /* single.png */,
				C28B02961CCE3324009CCEB6 /* albumImage.jpg */,
				C28B02971CCE3324009CCEB6 /* backImage.jpg */,
				C28B02981CCE3324009CCEB6 /* forward.png */,
				C28B02991CCE3324009CCEB6 /* forward_h.png */,
				C28B029A1CCE3324009CCEB6 /* pause.png */,
				C28B029B1CCE3324009CCEB6 /* pause_h.png */,
				C28B029C1CCE3324009CCEB6 /* place_holder.png */,
				C28B029D1CCE3324009CCEB6 /* play.png */,
				C28B029E1CCE3324009CCEB6 /* play_h.png */,
				C28B029F1CCE3324009CCEB6 /* rewind.png */,
				C28B02A01CCE3324009CCEB6 /* rewind_h.png */,
				C28B02A11CCE3324009CCEB6 /* thumb@2x.png */,
				C28B02A21CCE3324009CCEB6 /* thumb@3x.png */,
				C28B02A31CCE3324009CCEB6 /* volumehigh.png */,
				C28B02A41CCE3324009CCEB6 /* volumelow.png */,
			);
			path = Resource;
			sourceTree = "<group>";
		};
		C28B02A51CCE3324009CCEB6 /* tools */ = {
			isa = PBXGroup;
			children = (
				C28B02A61CCE3324009CCEB6 /* SDWebImage */,
			);
			path = tools;
			sourceTree = "<group>";
		};
		C28B02A61CCE3324009CCEB6 /* SDWebImage */ = {
			isa = PBXGroup;
			children = (
				C28B02A71CCE3324009CCEB6 /* MKAnnotationView+WebCache.h */,
				C28B02A81CCE3324009CCEB6 /* MKAnnotationView+WebCache.m */,
				C28B02A91CCE3324009CCEB6 /* NSData+ImageContentType.h */,
				C28B02AA1CCE3324009CCEB6 /* NSData+ImageContentType.m */,
				C28B02AB1CCE3324009CCEB6 /* SDImageCache.h */,
				C28B02AC1CCE3324009CCEB6 /* SDImageCache.m */,
				C28B02AD1CCE3324009CCEB6 /* SDWebImageCompat.h */,
				C28B02AE1CCE3324009CCEB6 /* SDWebImageCompat.m */,
				C28B02AF1CCE3324009CCEB6 /* SDWebImageDecoder.h */,
				C28B02B01CCE3324009CCEB6 /* SDWebImageDecoder.m */,
				C28B02B11CCE3324009CCEB6 /* SDWebImageDownloader.h */,
				C28B02B21CCE3324009CCEB6 /* SDWebImageDownloader.m */,
				C28B02B31CCE3324009CCEB6 /* SDWebImageDownloaderOperation.h */,
				C28B02B41CCE3324009CCEB6 /* SDWebImageDownloaderOperation.m */,
				C28B02B51CCE3324009CCEB6 /* SDWebImageManager.h */,
				C28B02B61CCE3324009CCEB6 /* SDWebImageManager.m */,
				C28B02B71CCE3324009CCEB6 /* SDWebImageOperation.h */,
				C28B02B81CCE3324009CCEB6 /* SDWebImagePrefetcher.h */,
				C28B02B91CCE3324009CCEB6 /* SDWebImagePrefetcher.m */,
				C28B02BA1CCE3324009CCEB6 /* UIButton+WebCache.h */,
				C28B02BB1CCE3324009CCEB6 /* UIButton+WebCache.m */,
				C28B02BC1CCE3324009CCEB6 /* UIImage+GIF.h */,
				C28B02BD1CCE3324009CCEB6 /* UIImage+GIF.m */,
				C28B02BE1CCE3324009CCEB6 /* UIImage+MultiFormat.h */,
				C28B02BF1CCE3324009CCEB6 /* UIImage+MultiFormat.m */,
				C28B02C01CCE3324009CCEB6 /* UIImage+WebP.h */,
				C28B02C11CCE3324009CCEB6 /* UIImage+WebP.m */,
				C28B02C21CCE3324009CCEB6 /* UIImageView+HighlightedWebCache.h */,
				C28B02C31CCE3324009CCEB6 /* UIImageView+HighlightedWebCache.m */,
				C28B02C41CCE3324009CCEB6 /* UIImageView+WebCache.h */,
				C28B02C51CCE3324009CCEB6 /* UIImageView+WebCache.m */,
				C28B02C61CCE3324009CCEB6 /* UIView+WebCacheOperation.h */,
				C28B02C71CCE3324009CCEB6 /* UIView+WebCacheOperation.m */,
			);
			path = SDWebImage;
			sourceTree = "<group>";
		};
		C28B02C81CCE3324009CCEB6 /* 音乐 */ = {
			isa = PBXGroup;
			children = (
				C28B02C91CCE3324009CCEB6 /* I Am You.mp3 */,
				C28B02CA1CCE3324009CCEB6 /* Let Her Go.mp3 */,
				C28B02CB1CCE3324009CCEB6 /* LOSER.mp3 */,
				C28B02CC1CCE3324009CCEB6 /* 匆匆那年.mp3 */,
				C28B02CD1CCE3324009CCEB6 /* 喜欢你.mp3 */,
				C28B02CE1CCE3324009CCEB6 /* 年轮.mp3 */,
				C28B02CF1CCE3324009CCEB6 /* 李白.mp3 */,
				C28B02D01CCE3324009CCEB6 /* 走在冷风中.mp3 */,
			);
			path = "音乐";
			sourceTree = "<group>";
		};
/* End PBXGroup section */

/* Begin PBXNativeTarget section */
		C28B02751CCE3250009CCEB6 /* LessonSenior_16_音乐播放器 */ = {
			isa = PBXNativeTarget;
			buildConfigurationList = C28B028D1CCE3250009CCEB6 /* Build configuration list for PBXNativeTarget "LessonSenior_16_音乐播放器" */;
			buildPhases = (
				C28B02721CCE3250009CCEB6 /* Sources */,
				C28B02731CCE3250009CCEB6 /* Frameworks */,
				C28B02741CCE3250009CCEB6 /* Resources */,
			);
			buildRules = (
			);
			dependencies = (
			);
			name = "LessonSenior_16_音乐播放器";
			productName = "LessonSenior_16_音乐播放器";
			productReference = C28B02761CCE3250009CCEB6 /* LessonSenior_16_音乐播放器.app */;
			productType = "com.apple.product-type.application";
		};
/* End PBXNativeTarget section */

/* Begin PBXProject section */
		C28B026E1CCE3250009CCEB6 /* Project object */ = {
			isa = PBXProject;
			attributes = {
				LastUpgradeCheck = 0700;
				ORGANIZATIONNAME = "邢晓伟";
				TargetAttributes = {
					C28B02751CCE3250009CCEB6 = {
						CreatedOnToolsVersion = 7.0;
					};
				};
			};
			buildConfigurationList = C28B02711CCE3250009CCEB6 /* Build configuration list for PBXProject "LessonSenior_16_音乐播放器" */;
			compatibilityVersion = "Xcode 3.2";
			developmentRegion = English;
			hasScannedForEncodings = 0;
			knownRegions = (
				en,
				Base,
			);
			mainGroup = C28B026D1CCE3250009CCEB6;
			productRefGroup = C28B02771CCE3250009CCEB6 /* Products */;
			projectDirPath = "";
			projectRoot = "";
			targets = (
				C28B02751CCE3250009CCEB6 /* LessonSenior_16_音乐播放器 */,
			);
		};
/* End PBXProject section */

/* Begin PBXResourcesBuildPhase section */
		C28B02741CCE3250009CCEB6 /* Resources */ = {
			isa = PBXResourcesBuildPhase;
			buildActionMask = 2147483647;
			files = (
				C2F535821CCEFB9500767BD7 /* random.png in Resources */,
				C28B02D41CCE3324009CCEB6 /* forward.png in Resources */,
				C2F535811CCEFB9500767BD7 /* order.png in Resources */,
				C2F535841CCEFB9500767BD7 /* single.png in Resources */,
				C2F535801CCEFB9500767BD7 /* order_h.png in Resources */,
				C28B02D31CCE3324009CCEB6 /* backImage.jpg in Resources */,
				C28B02F81CCE3324009CCEB6 /* 走在冷风中.mp3 in Resources */,
				C2F5357F1CCEFB9500767BD7 /* random_h.png in Resources */,
				C2F535831CCEFB9500767BD7 /* single_h.png in Resources */,
				C28B02DC1CCE3324009CCEB6 /* rewind_h.png in Resources */,
				C28B02F51CCE3324009CCEB6 /* 喜欢你.mp3 in Resources */,
				C28B02DE1CCE3324009CCEB6 /* thumb@3x.png in Resources */,
				C28B02F61CCE3324009CCEB6 /* 年轮.mp3 in Resources */,
				C28B02DB1CCE3324009CCEB6 /* rewind.png in Resources */,
				C28B02891CCE3250009CCEB6 /* LaunchScreen.storyboard in Resources */,
				C28B02F21CCE3324009CCEB6 /* Let Her Go.mp3 in Resources */,
				C28B02861CCE3250009CCEB6 /* Assets.xcassets in Resources */,
				C28B02F31CCE3324009CCEB6 /* LOSER.mp3 in Resources */,
				C28B02DF1CCE3324009CCEB6 /* volumehigh.png in Resources */,
				C28B02D51CCE3324009CCEB6 /* forward_h.png in Resources */,
				C28B02F71CCE3324009CCEB6 /* 李白.mp3 in Resources */,
				C28B02DA1CCE3324009CCEB6 /* play_h.png in Resources */,
				C28B02D91CCE3324009CCEB6 /* play.png in Resources */,
				C28B02DD1CCE3324009CCEB6 /* thumb@2x.png in Resources */,
				C28B02D61CCE3324009CCEB6 /* pause.png in Resources */,
				C28B02F41CCE3324009CCEB6 /* 匆匆那年.mp3 in Resources */,
				C28B02E01CCE3324009CCEB6 /* volumelow.png in Resources */,
				C28B02F11CCE3324009CCEB6 /* I Am You.mp3 in Resources */,
				C28B02D11CCE3324009CCEB6 /* MusicList.plist in Resources */,
				C28B02D21CCE3324009CCEB6 /* albumImage.jpg in Resources */,
				C28B02841CCE3250009CCEB6 /* Main.storyboard in Resources */,
				C28B02D71CCE3324009CCEB6 /* pause_h.png in Resources */,
				C28B02D81CCE3324009CCEB6 /* place_holder.png in Resources */,
			);
			runOnlyForDeploymentPostprocessing = 0;
		};
/* End PBXResourcesBuildPhase section */

/* Begin PBXSourcesBuildPhase section */
		C28B02721CCE3250009CCEB6 /* Sources */ = {
			isa = PBXSourcesBuildPhase;
			buildActionMask = 2147483647;
			files = (
				C28B02EE1CCE3324009CCEB6 /* UIImageView+HighlightedWebCache.m in Sources */,
				C28B02EC1CCE3324009CCEB6 /* UIImage+MultiFormat.m in Sources */,
				C28B02E71CCE3324009CCEB6 /* SDWebImageDownloaderOperation.m in Sources */,
				C28B02811CCE3250009CCEB6 /* ViewController.m in Sources */,
				C28B02E41CCE3324009CCEB6 /* SDWebImageCompat.m in Sources */,
				C28B02EB1CCE3324009CCEB6 /* UIImage+GIF.m in Sources */,
				C28B02E91CCE3324009CCEB6 /* SDWebImagePrefetcher.m in Sources */,
				C28B027E1CCE3250009CCEB6 /* AppDelegate.m in Sources */,
				C28B027B1CCE3250009CCEB6 /* main.m in Sources */,
				C28B02ED1CCE3324009CCEB6 /* UIImage+WebP.m in Sources */,
				C28B02EF1CCE3324009CCEB6 /* UIImageView+WebCache.m in Sources */,
				C28B02E61CCE3324009CCEB6 /* SDWebImageDownloader.m in Sources */,
				C28B02F01CCE3324009CCEB6 /* UIView+WebCacheOperation.m in Sources */,
				C28B02EA1CCE3324009CCEB6 /* UIButton+WebCache.m in Sources */,
				C28B02E11CCE3324009CCEB6 /* MKAnnotationView+WebCache.m in Sources */,
				C28B02E21CCE3324009CCEB6 /* NSData+ImageContentType.m in Sources */,
				C28B02921CCE327B009CCEB6 /* MusicInfo.m in Sources */,
				C28B02E81CCE3324009CCEB6 /* SDWebImageManager.m in Sources */,
				C28B02E51CCE3324009CCEB6 /* SDWebImageDecoder.m in Sources */,
				C28B02E31CCE3324009CCEB6 /* SDImageCache.m in Sources */,
			);
			runOnlyForDeploymentPostprocessing = 0;
		};
/* End PBXSourcesBuildPhase section */

/* Begin PBXVariantGroup section */
		C28B02821CCE3250009CCEB6 /* Main.storyboard */ = {
			isa = PBXVariantGroup;
			children = (
				C28B02831CCE3250009CCEB6 /* Base */,
			);
			name = Main.storyboard;
			sourceTree = "<group>";
		};
		C28B02871CCE3250009CCEB6 /* LaunchScreen.storyboard */ = {
			isa = PBXVariantGroup;
			children = (
				C28B02881CCE3250009CCEB6 /* Base */,
			);
			name = LaunchScreen.storyboard;
			sourceTree = "<group>";
		};
/* End PBXVariantGroup section */

/* Begin XCBuildConfiguration section */
		C28B028B1CCE3250009CCEB6 /* Debug */ = {
			isa = XCBuildConfiguration;
			buildSettings = {
				ALWAYS_SEARCH_USER_PATHS = NO;
				CLANG_CXX_LANGUAGE_STANDARD = "gnu++0x";
				CLANG_CXX_LIBRARY = "libc++";
				CLANG_ENABLE_MODULES = YES;
				CLANG_ENABLE_OBJC_ARC = YES;
				CLANG_WARN_BOOL_CONVERSION = YES;
				CLANG_WARN_CONSTANT_CONVERSION = YES;
				CLANG_WARN_DIRECT_OBJC_ISA_USAGE = YES_ERROR;
				CLANG_WARN_EMPTY_BODY = YES;
				CLANG_WARN_ENUM_CONVERSION = YES;
				CLANG_WARN_INT_CONVERSION = YES;
				CLANG_WARN_OBJC_ROOT_CLASS = YES_ERROR;
				CLANG_WARN_UNREACHABLE_CODE = YES;
				CLANG_WARN__DUPLICATE_METHOD_MATCH = YES;
				"CODE_SIGN_IDENTITY[sdk=iphoneos*]" = "iPhone Developer";
				COPY_PHASE_STRIP = NO;
				DEBUG_INFORMATION_FORMAT = dwarf;
				ENABLE_STRICT_OBJC_MSGSEND = YES;
				ENABLE_TESTABILITY = YES;
				GCC_C_LANGUAGE_STANDARD = gnu99;
				GCC_DYNAMIC_NO_PIC = NO;
				GCC_NO_COMMON_BLOCKS = YES;
				GCC_OPTIMIZATION_LEVEL = 0;
				GCC_PREPROCESSOR_DEFINITIONS = (
					"DEBUG=1",
					"$(inherited)",
				);
				GCC_WARN_64_TO_32_BIT_CONVERSION = YES;
				GCC_WARN_ABOUT_RETURN_TYPE = YES_ERROR;
				GCC_WARN_UNDECLARED_SELECTOR = YES;
				GCC_WARN_UNINITIALIZED_AUTOS = YES_AGGRESSIVE;
				GCC_WARN_UNUSED_FUNCTION = YES;
				GCC_WARN_UNUSED_VARIABLE = YES;
				IPHONEOS_DEPLOYMENT_TARGET = 9.0;
				MTL_ENABLE_DEBUG_INFO = YES;
				ONLY_ACTIVE_ARCH = YES;
				SDKROOT = iphoneos;
				TARGETED_DEVICE_FAMILY = "1,2";
			};
			name = Debug;
		};
		C28B028C1CCE3250009CCEB6 /* Release */ = {
			isa = XCBuildConfiguration;
			buildSettings = {
				ALWAYS_SEARCH_USER_PATHS = NO;
				CLANG_CXX_LANGUAGE_STANDARD = "gnu++0x";
				CLANG_CXX_LIBRARY = "libc++";
				CLANG_ENABLE_MODULES = YES;
				CLANG_ENABLE_OBJC_ARC = YES;
				CLANG_WARN_BOOL_CONVERSION = YES;
				CLANG_WARN_CONSTANT_CONVERSION = YES;
				CLANG_WARN_DIRECT_OBJC_ISA_USAGE = YES_ERROR;
				CLANG_WARN_EMPTY_BODY = YES;
				CLANG_WARN_ENUM_CONVERSION = YES;
				CLANG_WARN_INT_CONVERSION = YES;
				CLANG_WARN_OBJC_ROOT_CLASS = YES_ERROR;
				CLANG_WARN_UNREACHABLE_CODE = YES;
				CLANG_WARN__DUPLICATE_METHOD_MATCH = YES;
				"CODE_SIGN_IDENTITY[sdk=iphoneos*]" = "iPhone Developer";
				COPY_PHASE_STRIP = NO;
				DEBUG_INFORMATION_FORMAT = "dwarf-with-dsym";
				ENABLE_NS_ASSERTIONS = NO;
				ENABLE_STRICT_OBJC_MSGSEND = YES;
				GCC_C_LANGUAGE_STANDARD = gnu99;
				GCC_NO_COMMON_BLOCKS = YES;
				GCC_WARN_64_TO_32_BIT_CONVERSION = YES;
				GCC_WARN_ABOUT_RETURN_TYPE = YES_ERROR;
				GCC_WARN_UNDECLARED_SELECTOR = YES;
				GCC_WARN_UNINITIALIZED_AUTOS = YES_AGGRESSIVE;
				GCC_WARN_UNUSED_FUNCTION = YES;
				GCC_WARN_UNUSED_VARIABLE = YES;
				IPHONEOS_DEPLOYMENT_TARGET = 9.0;
				MTL_ENABLE_DEBUG_INFO = NO;
				SDKROOT = iphoneos;
				TARGETED_DEVICE_FAMILY = "1,2";
				VALIDATE_PRODUCT = YES;
			};
			name = Release;
		};
		C28B028E1CCE3250009CCEB6 /* Debug */ = {
			isa = XCBuildConfiguration;
			buildSettings = {
				ASSETCATALOG_COMPILER_APPICON_NAME = AppIcon;
				INFOPLIST_FILE = "LessonSenior_16_音乐播放器/Info.plist";
				LD_RUNPATH_SEARCH_PATHS = "$(inherited) @executable_path/Frameworks";
				PRODUCT_BUNDLE_IDENTIFIER = "com.lanou3g.LessonSenior-16------";
				PRODUCT_NAME = "$(TARGET_NAME)";
			};
			name = Debug;
		};
		C28B028F1CCE3250009CCEB6 /* Release */ = {
			isa = XCBuildConfiguration;
			buildSettings = {
				ASSETCATALOG_COMPILER_APPICON_NAME = AppIcon;
				INFOPLIST_FILE = "LessonSenior_16_音乐播放器/Info.plist";
				LD_RUNPATH_SEARCH_PATHS = "$(inherited) @executable_path/Frameworks";
				PRODUCT_BUNDLE_IDENTIFIER = "com.lanou3g.LessonSenior-16------";
				PRODUCT_NAME = "$(TARGET_NAME)";
			};
			name = Release;
		};
/* End XCBuildConfiguration section */

/* Begin XCConfigurationList section */
		C28B02711CCE3250009CCEB6 /* Build configuration list for PBXProject "LessonSenior_16_音乐播放器" */ = {
			isa = XCConfigurationList;
			buildConfigurations = (
				C28B028B1CCE3250009CCEB6 /* Debug */,
				C28B028C1CCE3250009CCEB6 /* Release */,
			);
			defaultConfigurationIsVisible = 0;
			defaultConfigurationName = Release;
		};
		C28B028D1CCE3250009CCEB6 /* Build configuration list for PBXNativeTarget "LessonSenior_16_音乐播放器" */ = {
			isa = XCConfigurationList;
			buildConfigurations = (
				C28B028E1CCE3250009CCEB6 /* Debug */,
				C28B028F1CCE3250009CCEB6 /* Release */,
			);
			defaultConfigurationIsVisible = 0;
			defaultConfigurationName = Release;
		};
/* End XCConfigurationList section */
	};
	rootObject = C28B026E1CCE3250009CCEB6 /* Project object */;
}
